// !$*UTF8*$!
{
	archiveVersion = 1;
	classes = {
	};
	objectVersion = 55;
	objects = {

/* Begin PBXBuildFile section */
		A18E43E22993B44F00F4803E /* AppDelegate.swift in Sources */ = {isa = PBXBuildFile; fileRef = A18E43E12993B44F00F4803E /* AppDelegate.swift */; };
		A18E43E42993B44F00F4803E /* SceneDelegate.swift in Sources */ = {isa = PBXBuildFile; fileRef = A18E43E32993B44F00F4803E /* SceneDelegate.swift */; };
		A18E43E92993B44F00F4803E /* Main.storyboard in Resources */ = {isa = PBXBuildFile; fileRef = A18E43E72993B44F00F4803E /* Main.storyboard */; };
		A18E43EB2993B45100F4803E /* Assets.xcassets in Resources */ = {isa = PBXBuildFile; fileRef = A18E43EA2993B45100F4803E /* Assets.xcassets */; };
		A18E43EE2993B45100F4803E /* LaunchScreen.storyboard in Resources */ = {isa = PBXBuildFile; fileRef = A18E43EC2993B45100F4803E /* LaunchScreen.storyboard */; };
		A18E43F62993B74600F4803E /* HomeController.swift in Sources */ = {isa = PBXBuildFile; fileRef = A18E43F52993B74600F4803E /* HomeController.swift */; };
		A18E43FA2993B87B00F4803E /* FileTableViewCell.swift in Sources */ = {isa = PBXBuildFile; fileRef = A18E43F92993B87B00F4803E /* FileTableViewCell.swift */; };
		A18E44012993BDDF00F4803E /* File.swift in Sources */ = {isa = PBXBuildFile; fileRef = A18E44002993BDDF00F4803E /* File.swift */; };
		A18E44052993BECD00F4803E /* DownloadTask.swift in Sources */ = {isa = PBXBuildFile; fileRef = A18E44042993BECD00F4803E /* DownloadTask.swift */; };
		A18E44072993BFD800F4803E /* UploadTask.swift in Sources */ = {isa = PBXBuildFile; fileRef = A18E44062993BFD800F4803E /* UploadTask.swift */; };
		A18E440B2993C07900F4803E /* DownloadService.swift in Sources */ = {isa = PBXBuildFile; fileRef = A18E440A2993C07900F4803E /* DownloadService.swift */; };
		A18E440D2993C39600F4803E /* UploadService.swift in Sources */ = {isa = PBXBuildFile; fileRef = A18E440C2993C39600F4803E /* UploadService.swift */; };
/* End PBXBuildFile section */

/* Begin PBXFileReference section */
		A18E43DE2993B44F00F4803E /* FileUpload.app */ = {isa = PBXFileReference; explicitFileType = wrapper.application; includeInIndex = 0; path = FileUpload.app; sourceTree = BUILT_PRODUCTS_DIR; };
		A18E43E12993B44F00F4803E /* AppDelegate.swift */ = {isa = PBXFileReference; lastKnownFileType = sourcecode.swift; path = AppDelegate.swift; sourceTree = "<group>"; };
		A18E43E32993B44F00F4803E /* SceneDelegate.swift */ = {isa = PBXFileReference; lastKnownFileType = sourcecode.swift; path = SceneDelegate.swift; sourceTree = "<group>"; };
		A18E43E82993B44F00F4803E /* Base */ = {isa = PBXFileReference; lastKnownFileType = file.storyboard; name = Base; path = Base.lproj/Main.storyboard; sourceTree = "<group>"; };
		A18E43EA2993B45100F4803E /* Assets.xcassets */ = {isa = PBXFileReference; lastKnownFileType = folder.assetcatalog; path = Assets.xcassets; sourceTree = "<group>"; };
		A18E43ED2993B45100F4803E /* Base */ = {isa = PBXFileReference; lastKnownFileType = file.storyboard; name = Base; path = Base.lproj/LaunchScreen.storyboard; sourceTree = "<group>"; };
		A18E43EF2993B45100F4803E /* Info.plist */ = {isa = PBXFileReference; lastKnownFileType = text.plist.xml; path = Info.plist; sourceTree = "<group>"; };
		A18E43F52993B74600F4803E /* HomeController.swift */ = {isa = PBXFileReference; lastKnownFileType = sourcecode.swift; path = HomeController.swift; sourceTree = "<group>"; };
		A18E43F92993B87B00F4803E /* FileTableViewCell.swift */ = {isa = PBXFileReference; lastKnownFileType = sourcecode.swift; path = FileTableViewCell.swift; sourceTree = "<group>"; };
		A18E44002993BDDF00F4803E /* File.swift */ = {isa = PBXFileReference; lastKnownFileType = sourcecode.swift; path = File.swift; sourceTree = "<group>"; };
		A18E44042993BECD00F4803E /* DownloadTask.swift */ = {isa = PBXFileReference; lastKnownFileType = sourcecode.swift; path = DownloadTask.swift; sourceTree = "<group>"; };
		A18E44062993BFD800F4803E /* UploadTask.swift */ = {isa = PBXFileReference; lastKnownFileType = sourcecode.swift; path = UploadTask.swift; sourceTree = "<group>"; };
		A18E440A2993C07900F4803E /* DownloadService.swift */ = {isa = PBXFileReference; lastKnownFileType = sourcecode.swift; path = DownloadService.swift; sourceTree = "<group>"; };
		A18E440C2993C39600F4803E /* UploadService.swift */ = {isa = PBXFileReference; lastKnownFileType = sourcecode.swift; path = UploadService.swift; sourceTree = "<group>"; };
/* End PBXFileReference section */

/* Begin PBXFrameworksBuildPhase section */
		A18E43DB2993B44F00F4803E /* Frameworks */ = {
			isa = PBXFrameworksBuildPhase;
			buildActionMask = 2147483647;
			files = (
			);
			runOnlyForDeploymentPostprocessing = 0;
		};
/* End PBXFrameworksBuildPhase section */

/* Begin PBXGroup section */
		A18E43D52993B44F00F4803E = {
			isa = PBXGroup;
			children = (
				A18E43E02993B44F00F4803E /* FileUpload */,
				A18E43DF2993B44F00F4803E /* Products */,
			);
			sourceTree = "<group>";
		};
		A18E43DF2993B44F00F4803E /* Products */ = {
			isa = PBXGroup;
			children = (
				A18E43DE2993B44F00F4803E /* FileUpload.app */,
			);
			name = Products;
			sourceTree = "<group>";
		};
		A18E43E02993B44F00F4803E /* FileUpload */ = {
			isa = PBXGroup;
			children = (
				A18E43FD2993BD2700F4803E /* App */,
				A18E44032993BEBB00F4803E /* Network */,
				A18E43FF2993BDD700F4803E /* Models */,
				A18E43F72993B83600F4803E /* Components */,
				A18E43FB2993BD0500F4803E /* Scenes */,
				A18E43FE2993BD4300F4803E /* UI */,
				A18E43EA2993B45100F4803E /* Assets.xcassets */,
				A18E43EF2993B45100F4803E /* Info.plist */,
			);
			path = FileUpload;
			sourceTree = "<group>";
		};
		A18E43F72993B83600F4803E /* Components */ = {
			isa = PBXGroup;
			children = (
				A18E43F82993B84300F4803E /* Cells */,
			);
			path = Components;
			sourceTree = "<group>";
		};
		A18E43F82993B84300F4803E /* Cells */ = {
			isa = PBXGroup;
			children = (
				A18E43F92993B87B00F4803E /* FileTableViewCell.swift */,
			);
			path = Cells;
			sourceTree = "<group>";
		};
		A18E43FB2993BD0500F4803E /* Scenes */ = {
			isa = PBXGroup;
			children = (
				A18E43FC2993BD1300F4803E /* Main */,
			);
			path = Scenes;
			sourceTree = "<group>";
		};
		A18E43FC2993BD1300F4803E /* Main */ = {
			isa = PBXGroup;
			children = (
				A18E43F52993B74600F4803E /* HomeController.swift */,
			);
			path = Main;
			sourceTree = "<group>";
		};
		A18E43FD2993BD2700F4803E /* App */ = {
			isa = PBXGroup;
			children = (
				A18E43E12993B44F00F4803E /* AppDelegate.swift */,
				A18E43E32993B44F00F4803E /* SceneDelegate.swift */,
			);
			path = App;
			sourceTree = "<group>";
		};
		A18E43FE2993BD4300F4803E /* UI */ = {
			isa = PBXGroup;
			children = (
				A18E43E72993B44F00F4803E /* Main.storyboard */,
				A18E43EC2993B45100F4803E /* LaunchScreen.storyboard */,
			);
			path = UI;
			sourceTree = "<group>";
		};
		A18E43FF2993BDD700F4803E /* Models */ = {
			isa = PBXGroup;
			children = (
				A18E44002993BDDF00F4803E /* File.swift */,
			);
			path = Models;
			sourceTree = "<group>";
		};
		A18E44032993BEBB00F4803E /* Network */ = {
			isa = PBXGroup;
			children = (
				A18E44092993C06D00F4803E /* Service */,
				A18E44082993C03600F4803E /* Task */,
			);
			path = Network;
			sourceTree = "<group>";
		};
		A18E44082993C03600F4803E /* Task */ = {
			isa = PBXGroup;
			children = (
				A18E44042993BECD00F4803E /* DownloadTask.swift */,
				A18E44062993BFD800F4803E /* UploadTask.swift */,
			);
			path = Task;
			sourceTree = "<group>";
		};
		A18E44092993C06D00F4803E /* Service */ = {
			isa = PBXGroup;
			children = (
				A18E440A2993C07900F4803E /* DownloadService.swift */,
				A18E440C2993C39600F4803E /* UploadService.swift */,
			);
			path = Service;
			sourceTree = "<group>";
		};
/* End PBXGroup section */

/* Begin PBXNativeTarget section */
		A18E43DD2993B44F00F4803E /* FileUpload */ = {
			isa = PBXNativeTarget;
			buildConfigurationList = A18E43F22993B45100F4803E /* Build configuration list for PBXNativeTarget "FileUpload" */;
			buildPhases = (
				A18E43DA2993B44F00F4803E /* Sources */,
				A18E43DB2993B44F00F4803E /* Frameworks */,
				A18E43DC2993B44F00F4803E /* Resources */,
			);
			buildRules = (
			);
			dependencies = (
			);
			name = FileUpload;
			productName = FileUpload;
			productReference = A18E43DE2993B44F00F4803E /* FileUpload.app */;
			productType = "com.apple.product-type.application";
		};
/* End PBXNativeTarget section */

/* Begin PBXProject section */
		A18E43D62993B44F00F4803E /* Project object */ = {
			isa = PBXProject;
			attributes = {
				BuildIndependentTargetsInParallel = 1;
				LastSwiftUpdateCheck = 1340;
				LastUpgradeCheck = 1340;
				TargetAttributes = {
					A18E43DD2993B44F00F4803E = {
						CreatedOnToolsVersion = 13.4.1;
					};
				};
			};
			buildConfigurationList = A18E43D92993B44F00F4803E /* Build configuration list for PBXProject "FileUpload" */;
			compatibilityVersion = "Xcode 13.0";
			developmentRegion = en;
			hasScannedForEncodings = 0;
			knownRegions = (
				en,
				Base,
			);
			mainGroup = A18E43D52993B44F00F4803E;
			productRefGroup = A18E43DF2993B44F00F4803E /* Products */;
			projectDirPath = "";
			projectRoot = "";
			targets = (
				A18E43DD2993B44F00F4803E /* FileUpload */,
			);
		};
/* End PBXProject section */

/* Begin PBXResourcesBuildPhase section */
		A18E43DC2993B44F00F4803E /* Resources */ = {
			isa = PBXResourcesBuildPhase;
			buildActionMask = 2147483647;
			files = (
				A18E43EE2993B45100F4803E /* LaunchScreen.storyboard in Resources */,
				A18E43EB2993B45100F4803E /* Assets.xcassets in Resources */,
				A18E43E92993B44F00F4803E /* Main.storyboard in Resources */,
			);
			runOnlyForDeploymentPostprocessing = 0;
		};
/* End PBXResourcesBuildPhase section */

/* Begin PBXSourcesBuildPhase section */
		A18E43DA2993B44F00F4803E /* Sources */ = {
			isa = PBXSourcesBuildPhase;
			buildActionMask = 2147483647;
			files = (
				A18E44012993BDDF00F4803E /* File.swift in Sources */,
				A18E440B2993C07900F4803E /* DownloadService.swift in Sources */,
				A18E44072993BFD800F4803E /* UploadTask.swift in Sources */,
				A18E43E22993B44F00F4803E /* AppDelegate.swift in Sources */,
				A18E43FA2993B87B00F4803E /* FileTableViewCell.swift in Sources */,
				A18E43E42993B44F00F4803E /* SceneDelegate.swift in Sources */,
				A18E44052993BECD00F4803E /* DownloadTask.swift in Sources */,
				A18E43F62993B74600F4803E /* HomeController.swift in Sources */,
				A18E440D2993C39600F4803E /* UploadService.swift in Sources */,
			);
			runOnlyForDeploymentPostprocessing = 0;
		};
/* End PBXSourcesBuildPhase section */

/* Begin PBXVariantGroup section */
		A18E43E72993B44F00F4803E /* Main.storyboard */ = {
			isa = PBXVariantGroup;
			children = (
				A18E43E82993B44F00F4803E /* Base */,
			);
			name = Main.storyboard;
			sourceTree = "<group>";
		};
		A18E43EC2993B45100F4803E /* LaunchScreen.storyboard */ = {
			isa = PBXVariantGroup;
			children = (
				A18E43ED2993B45100F4803E /* Base */,
			);
			name = LaunchScreen.storyboard;
			sourceTree = "<group>";
		};
/* End PBXVariantGroup section */

/* Begin XCBuildConfiguration section */
		A18E43F02993B45100F4803E /* Debug */ = {
			isa = XCBuildConfiguration;
			buildSettings = {
				ALWAYS_SEARCH_USER_PATHS = NO;
				CLANG_ANALYZER_NONNULL = YES;
				CLANG_ANALYZER_NUMBER_OBJECT_CONVERSION = YES_AGGRESSIVE;
				CLANG_CXX_LANGUAGE_STANDARD = "gnu++17";
				CLANG_ENABLE_MODULES = YES;
				CLANG_ENABLE_OBJC_ARC = YES;
				CLANG_ENABLE_OBJC_WEAK = YES;
				CLANG_WARN_BLOCK_CAPTURE_AUTORELEASING = YES;
				CLANG_WARN_BOOL_CONVERSION = YES;
				CLANG_WARN_COMMA = YES;
				CLANG_WARN_CONSTANT_CONVERSION = YES;
				CLANG_WARN_DEPRECATED_OBJC_IMPLEMENTATIONS = YES;
				CLANG_WARN_DIRECT_OBJC_ISA_USAGE = YES_ERROR;
				CLANG_WARN_DOCUMENTATION_COMMENTS = YES;
				CLANG_WARN_EMPTY_BODY = YES;
				CLANG_WARN_ENUM_CONVERSION = YES;
				CLANG_WARN_INFINITE_RECURSION = YES;
				CLANG_WARN_INT_CONVERSION = YES;
				CLANG_WARN_NON_LITERAL_NULL_CONVERSION = YES;
				CLANG_WARN_OBJC_IMPLICIT_RETAIN_SELF = YES;
				CLANG_WARN_OBJC_LITERAL_CONVERSION = YES;
				CLANG_WARN_OBJC_ROOT_CLASS = YES_ERROR;
				CLANG_WARN_QUOTED_INCLUDE_IN_FRAMEWORK_HEADER = YES;
				CLANG_WARN_RANGE_LOOP_ANALYSIS = YES;
				CLANG_WARN_STRICT_PROTOTYPES = YES;
				CLANG_WARN_SUSPICIOUS_MOVE = YES;
				CLANG_WARN_UNGUARDED_AVAILABILITY = YES_AGGRESSIVE;
				CLANG_WARN_UNREACHABLE_CODE = YES;
				CLANG_WARN__DUPLICATE_METHOD_MATCH = YES;
				COPY_PHASE_STRIP = NO;
				DEBUG_INFORMATION_FORMAT = dwarf;
				ENABLE_STRICT_OBJC_MSGSEND = YES;
				ENABLE_TESTABILITY = YES;
				GCC_C_LANGUAGE_STANDARD = gnu11;
				GCC_DYNAMIC_NO_PIC = NO;
				GCC_NO_COMMON_BLOCKS = YES;
				GCC_OPTIMIZATION_LEVEL = 0;
				GCC_PREPROCESSOR_DEFINITIONS = (
					"DEBUG=1",
					"$(inherited)",
				);
				GCC_WARN_64_TO_32_BIT_CONVERSION = YES;
				GCC_WARN_ABOUT_RETURN_TYPE = YES_ERROR;
				GCC_WARN_UNDECLARED_SELECTOR = YES;
				GCC_WARN_UNINITIALIZED_AUTOS = YES_AGGRESSIVE;
				GCC_WARN_UNUSED_FUNCTION = YES;
				GCC_WARN_UNUSED_VARIABLE = YES;
				IPHONEOS_DEPLOYMENT_TARGET = 15.5;
				MTL_ENABLE_DEBUG_INFO = INCLUDE_SOURCE;
				MTL_FAST_MATH = YES;
				ONLY_ACTIVE_ARCH = YES;
				SDKROOT = iphoneos;
				SWIFT_ACTIVE_COMPILATION_CONDITIONS = DEBUG;
				SWIFT_OPTIMIZATION_LEVEL = "-Onone";
			};
			name = Debug;
		};
		A18E43F12993B45100F4803E /* Release */ = {
			isa = XCBuildConfiguration;
			buildSettings = {
				ALWAYS_SEARCH_USER_PATHS = NO;
				CLANG_ANALYZER_NONNULL = YES;
				CLANG_ANALYZER_NUMBER_OBJECT_CONVERSION = YES_AGGRESSIVE;
				CLANG_CXX_LANGUAGE_STANDARD = "gnu++17";
				CLANG_ENABLE_MODULES = YES;
				CLANG_ENABLE_OBJC_ARC = YES;
				CLANG_ENABLE_OBJC_WEAK = YES;
				CLANG_WARN_BLOCK_CAPTURE_AUTORELEASING = YES;
				CLANG_WARN_BOOL_CONVERSION = YES;
				CLANG_WARN_COMMA = YES;
				CLANG_WARN_CONSTANT_CONVERSION = YES;
				CLANG_WARN_DEPRECATED_OBJC_IMPLEMENTATIONS = YES;
				CLANG_WARN_DIRECT_OBJC_ISA_USAGE = YES_ERROR;
				CLANG_WARN_DOCUMENTATION_COMMENTS = YES;
				CLANG_WARN_EMPTY_BODY = YES;
				CLANG_WARN_ENUM_CONVERSION = YES;
				CLANG_WARN_INFINITE_RECURSION = YES;
				CLANG_WARN_INT_CONVERSION = YES;
				CLANG_WARN_NON_LITERAL_NULL_CONVERSION = YES;
				CLANG_WARN_OBJC_IMPLICIT_RETAIN_SELF = YES;
				CLANG_WARN_OBJC_LITERAL_CONVERSION = YES;
				CLANG_WARN_OBJC_ROOT_CLASS = YES_ERROR;
				CLANG_WARN_QUOTED_INCLUDE_IN_FRAMEWORK_HEADER = YES;
				CLANG_WARN_RANGE_LOOP_ANALYSIS = YES;
				CLANG_WARN_STRICT_PROTOTYPES = YES;
				CLANG_WARN_SUSPICIOUS_MOVE = YES;
				CLANG_WARN_UNGUARDED_AVAILABILITY = YES_AGGRESSIVE;
				CLANG_WARN_UNREACHABLE_CODE = YES;
				CLANG_WARN__DUPLICATE_METHOD_MATCH = YES;
				COPY_PHASE_STRIP = NO;
				DEBUG_INFORMATION_FORMAT = "dwarf-with-dsym";
				ENABLE_NS_ASSERTIONS = NO;
				ENABLE_STRICT_OBJC_MSGSEND = YES;
				GCC_C_LANGUAGE_STANDARD = gnu11;
				GCC_NO_COMMON_BLOCKS = YES;
				GCC_WARN_64_TO_32_BIT_CONVERSION = YES;
				GCC_WARN_ABOUT_RETURN_TYPE = YES_ERROR;
				GCC_WARN_UNDECLARED_SELECTOR = YES;
				GCC_WARN_UNINITIALIZED_AUTOS = YES_AGGRESSIVE;
				GCC_WARN_UNUSED_FUNCTION = YES;
				GCC_WARN_UNUSED_VARIABLE = YES;
				IPHONEOS_DEPLOYMENT_TARGET = 15.5;
				MTL_ENABLE_DEBUG_INFO = NO;
				MTL_FAST_MATH = YES;
				SDKROOT = iphoneos;
				SWIFT_COMPILATION_MODE = wholemodule;
				SWIFT_OPTIMIZATION_LEVEL = "-O";
				VALIDATE_PRODUCT = YES;
			};
			name = Release;
		};
		A18E43F32993B45100F4803E /* Debug */ = {
			isa = XCBuildConfiguration;
			buildSettings = {
				ASSETCATALOG_COMPILER_APPICON_NAME = AppIcon;
				ASSETCATALOG_COMPILER_GLOBAL_ACCENT_COLOR_NAME = AccentColor;
				CODE_SIGN_STYLE = Automatic;
				CURRENT_PROJECT_VERSION = 1;
				DEVELOPMENT_TEAM = 4WDQ3NAZP2;
				GENERATE_INFOPLIST_FILE = YES;
				INFOPLIST_FILE = FileUpload/Info.plist;
				INFOPLIST_KEY_UIApplicationSupportsIndirectInputEvents = YES;
				INFOPLIST_KEY_UILaunchStoryboardName = LaunchScreen;
				INFOPLIST_KEY_UIMainStoryboardFile = Main;
				INFOPLIST_KEY_UISupportedInterfaceOrientations_iPad = "UIInterfaceOrientationPortrait UIInterfaceOrientationPortraitUpsideDown UIInterfaceOrientationLandscapeLeft UIInterfaceOrientationLandscapeRight";
				INFOPLIST_KEY_UISupportedInterfaceOrientations_iPhone = "UIInterfaceOrientationPortrait UIInterfaceOrientationLandscapeLeft UIInterfaceOrientationLandscapeRight";
				LD_RUNPATH_SEARCH_PATHS = (
					"$(inherited)",
					"@executable_path/Frameworks",
				);
				MARKETING_VERSION = 1.0;
				PRODUCT_BUNDLE_IDENTIFIER = com.nicolocurioni.FileUpload;
				PRODUCT_NAME = "$(TARGET_NAME)";
				SWIFT_EMIT_LOC_STRINGS = YES;
				SWIFT_VERSION = 5.0;
				TARGETED_DEVICE_FAMILY = "1,2";
			};
			name = Debug;
		};
		A18E43F42993B45100F4803E /* Release */ = {
			isa = XCBuildConfiguration;
			buildSettings = {
				ASSETCATALOG_COMPILER_APPICON_NAME = AppIcon;
				ASSETCATALOG_COMPILER_GLOBAL_ACCENT_COLOR_NAME = AccentColor;
				CODE_SIGN_STYLE = Automatic;
				CURRENT_PROJECT_VERSION = 1;
				DEVELOPMENT_TEAM = 4WDQ3NAZP2;
				GENERATE_INFOPLIST_FILE = YES;
				INFOPLIST_FILE = FileUpload/Info.plist;
				INFOPLIST_KEY_UIApplicationSupportsIndirectInputEvents = YES;
				INFOPLIST_KEY_UILaunchStoryboardName = LaunchScreen;
				INFOPLIST_KEY_UIMainStoryboardFile = Main;
				INFOPLIST_KEY_UISupportedInterfaceOrientations_iPad = "UIInterfaceOrientationPortrait UIInterfaceOrientationPortraitUpsideDown UIInterfaceOrientationLandscapeLeft UIInterfaceOrientationLandscapeRight";
				INFOPLIST_KEY_UISupportedInterfaceOrientations_iPhone = "UIInterfaceOrientationPortrait UIInterfaceOrientationLandscapeLeft UIInterfaceOrientationLandscapeRight";
				LD_RUNPATH_SEARCH_PATHS = (
					"$(inherited)",
					"@executable_path/Frameworks",
				);
				MARKETING_VERSION = 1.0;
				PRODUCT_BUNDLE_IDENTIFIER = com.nicolocurioni.FileUpload;
				PRODUCT_NAME = "$(TARGET_NAME)";
				SWIFT_EMIT_LOC_STRINGS = YES;
				SWIFT_VERSION = 5.0;
				TARGETED_DEVICE_FAMILY = "1,2";
			};
			name = Release;
		};
/* End XCBuildConfiguration section */

/* Begin XCConfigurationList section */
		A18E43D92993B44F00F4803E /* Build configuration list for PBXProject "FileUpload" */ = {
			isa = XCConfigurationList;
			buildConfigurations = (
				A18E43F02993B45100F4803E /* Debug */,
				A18E43F12993B45100F4803E /* Release */,
			);
			defaultConfigurationIsVisible = 0;
			defaultConfigurationName = Release;
		};
		A18E43F22993B45100F4803E /* Build configuration list for PBXNativeTarget "FileUpload" */ = {
			isa = XCConfigurationList;
			buildConfigurations = (
				A18E43F32993B45100F4803E /* Debug */,
				A18E43F42993B45100F4803E /* Release */,
			);
			defaultConfigurationIsVisible = 0;
			defaultConfigurationName = Release;
		};
/* End XCConfigurationList section */
	};
	rootObject = A18E43D62993B44F00F4803E /* Project object */;
}
